// !$*UTF8*$!
{
	archiveVersion = 1;
	classes = {
	};
	objectVersion = 55;
	objects = {

/* Begin PBXBuildFile section */
		FA5DD19E27F9762200ADF35E /* NavigationBarWithButton.swift in Sources */ = {isa = PBXBuildFile; fileRef = FA5DD19D27F9762200ADF35E /* NavigationBarWithButton.swift */; };
		FA5DD1A027F97E3F00ADF35E /* AssetMenu.swift in Sources */ = {isa = PBXBuildFile; fileRef = FA5DD19F27F97E3F00ADF35E /* AssetMenu.swift */; };
		FA5DD1A227F9834C00ADF35E /* AssetMenuButtonStyle.swift in Sources */ = {isa = PBXBuildFile; fileRef = FA5DD1A127F9834C00ADF35E /* AssetMenuButtonStyle.swift */; };
		FA5DD1A427F985E400ADF35E /* AssetMenuGridView.swift in Sources */ = {isa = PBXBuildFile; fileRef = FA5DD1A327F985E400ADF35E /* AssetMenuGridView.swift */; };
		FA5DD1A627F987A700ADF35E /* AssetView.swift in Sources */ = {isa = PBXBuildFile; fileRef = FA5DD1A527F987A700ADF35E /* AssetView.swift */; };
		FA5DD1A827F9896400ADF35E /* AssetBanner.swift in Sources */ = {isa = PBXBuildFile; fileRef = FA5DD1A727F9896400ADF35E /* AssetBanner.swift */; };
		FA5DD1AB27F98E4A00ADF35E /* BannerCard.swift in Sources */ = {isa = PBXBuildFile; fileRef = FA5DD1AA27F98E4A00ADF35E /* BannerCard.swift */; };
		FA5DD1AE27F9904E00ADF35E /* PageViewController.swift in Sources */ = {isa = PBXBuildFile; fileRef = FA5DD1AD27F9904E00ADF35E /* PageViewController.swift */; };
		FA5DD1B027F995EA00ADF35E /* PageControl.swift in Sources */ = {isa = PBXBuildFile; fileRef = FA5DD1AF27F995EA00ADF35E /* PageControl.swift */; };
		FAB1251627FDBE01003E05D4 /* AssetBannerView.swift in Sources */ = {isa = PBXBuildFile; fileRef = FAB1251527FDBE01003E05D4 /* AssetBannerView.swift */; };
		FAB1251927FDC047003E05D4 /* assets.json in Resources */ = {isa = PBXBuildFile; fileRef = FAB1251827FDC047003E05D4 /* assets.json */; };
		FAB1251B27FDC066003E05D4 /* Asset.swift in Sources */ = {isa = PBXBuildFile; fileRef = FAB1251A27FDC066003E05D4 /* Asset.swift */; };
		FAB1251D27FDC219003E05D4 /* AssetSummaryData.swift in Sources */ = {isa = PBXBuildFile; fileRef = FAB1251C27FDC219003E05D4 /* AssetSummaryData.swift */; };
		FAB1251F27FDC4C0003E05D4 /* AssetSectionHeaderView.swift in Sources */ = {isa = PBXBuildFile; fileRef = FAB1251E27FDC4C0003E05D4 /* AssetSectionHeaderView.swift */; };
		FAB1252127FDCA89003E05D4 /* AssetSectionView.swift in Sources */ = {isa = PBXBuildFile; fileRef = FAB1252027FDCA89003E05D4 /* AssetSectionView.swift */; };
		FAB1252327FDCC31003E05D4 /* AssetSummaryView.swift in Sources */ = {isa = PBXBuildFile; fileRef = FAB1252227FDCC31003E05D4 /* AssetSummaryView.swift */; };
		FAB1252627FDD027003E05D4 /* TabMenuView.swift in Sources */ = {isa = PBXBuildFile; fileRef = FAB1252527FDD027003E05D4 /* TabMenuView.swift */; };
		FAB1252827FDD326003E05D4 /* AssetCardSectionView.swift in Sources */ = {isa = PBXBuildFile; fileRef = FAB1252727FDD326003E05D4 /* AssetCardSectionView.swift */; };
		FAF8755327F7174F00040725 /* MyAssetsApp.swift in Sources */ = {isa = PBXBuildFile; fileRef = FAF8755227F7174F00040725 /* MyAssetsApp.swift */; };
		FAF8755527F7174F00040725 /* ContentView.swift in Sources */ = {isa = PBXBuildFile; fileRef = FAF8755427F7174F00040725 /* ContentView.swift */; };
		FAF8755727F7175300040725 /* Assets.xcassets in Resources */ = {isa = PBXBuildFile; fileRef = FAF8755627F7175300040725 /* Assets.xcassets */; };
		FAF8755A27F7175300040725 /* Preview Assets.xcassets in Resources */ = {isa = PBXBuildFile; fileRef = FAF8755927F7175300040725 /* Preview Assets.xcassets */; };
/* End PBXBuildFile section */

/* Begin PBXFileReference section */
		FA5DD19D27F9762200ADF35E /* NavigationBarWithButton.swift */ = {isa = PBXFileReference; lastKnownFileType = sourcecode.swift; path = NavigationBarWithButton.swift; sourceTree = "<group>"; };
		FA5DD19F27F97E3F00ADF35E /* AssetMenu.swift */ = {isa = PBXFileReference; lastKnownFileType = sourcecode.swift; path = AssetMenu.swift; sourceTree = "<group>"; };
		FA5DD1A127F9834C00ADF35E /* AssetMenuButtonStyle.swift */ = {isa = PBXFileReference; lastKnownFileType = sourcecode.swift; path = AssetMenuButtonStyle.swift; sourceTree = "<group>"; };
		FA5DD1A327F985E400ADF35E /* AssetMenuGridView.swift */ = {isa = PBXFileReference; lastKnownFileType = sourcecode.swift; path = AssetMenuGridView.swift; sourceTree = "<group>"; };
		FA5DD1A527F987A700ADF35E /* AssetView.swift */ = {isa = PBXFileReference; lastKnownFileType = sourcecode.swift; path = AssetView.swift; sourceTree = "<group>"; };
		FA5DD1A727F9896400ADF35E /* AssetBanner.swift */ = {isa = PBXFileReference; lastKnownFileType = sourcecode.swift; path = AssetBanner.swift; sourceTree = "<group>"; };
		FA5DD1AA27F98E4A00ADF35E /* BannerCard.swift */ = {isa = PBXFileReference; lastKnownFileType = sourcecode.swift; path = BannerCard.swift; sourceTree = "<group>"; };
		FA5DD1AD27F9904E00ADF35E /* PageViewController.swift */ = {isa = PBXFileReference; lastKnownFileType = sourcecode.swift; path = PageViewController.swift; sourceTree = "<group>"; };
		FA5DD1AF27F995EA00ADF35E /* PageControl.swift */ = {isa = PBXFileReference; lastKnownFileType = sourcecode.swift; path = PageControl.swift; sourceTree = "<group>"; };
		FAB1251527FDBE01003E05D4 /* AssetBannerView.swift */ = {isa = PBXFileReference; lastKnownFileType = sourcecode.swift; path = AssetBannerView.swift; sourceTree = "<group>"; };
		FAB1251827FDC047003E05D4 /* assets.json */ = {isa = PBXFileReference; fileEncoding = 4; lastKnownFileType = text.json; path = assets.json; sourceTree = "<group>"; };
		FAB1251A27FDC066003E05D4 /* Asset.swift */ = {isa = PBXFileReference; lastKnownFileType = sourcecode.swift; path = Asset.swift; sourceTree = "<group>"; };
		FAB1251C27FDC219003E05D4 /* AssetSummaryData.swift */ = {isa = PBXFileReference; lastKnownFileType = sourcecode.swift; path = AssetSummaryData.swift; sourceTree = "<group>"; };
		FAB1251E27FDC4C0003E05D4 /* AssetSectionHeaderView.swift */ = {isa = PBXFileReference; lastKnownFileType = sourcecode.swift; path = AssetSectionHeaderView.swift; sourceTree = "<group>"; };
		FAB1252027FDCA89003E05D4 /* AssetSectionView.swift */ = {isa = PBXFileReference; lastKnownFileType = sourcecode.swift; path = AssetSectionView.swift; sourceTree = "<group>"; };
		FAB1252227FDCC31003E05D4 /* AssetSummaryView.swift */ = {isa = PBXFileReference; lastKnownFileType = sourcecode.swift; path = AssetSummaryView.swift; sourceTree = "<group>"; };
		FAB1252527FDD027003E05D4 /* TabMenuView.swift */ = {isa = PBXFileReference; lastKnownFileType = sourcecode.swift; path = TabMenuView.swift; sourceTree = "<group>"; };
		FAB1252727FDD326003E05D4 /* AssetCardSectionView.swift */ = {isa = PBXFileReference; lastKnownFileType = sourcecode.swift; path = AssetCardSectionView.swift; sourceTree = "<group>"; };
		FAF8754F27F7174F00040725 /* MyAssets.app */ = {isa = PBXFileReference; explicitFileType = wrapper.application; includeInIndex = 0; path = MyAssets.app; sourceTree = BUILT_PRODUCTS_DIR; };
		FAF8755227F7174F00040725 /* MyAssetsApp.swift */ = {isa = PBXFileReference; lastKnownFileType = sourcecode.swift; path = MyAssetsApp.swift; sourceTree = "<group>"; };
		FAF8755427F7174F00040725 /* ContentView.swift */ = {isa = PBXFileReference; lastKnownFileType = sourcecode.swift; path = ContentView.swift; sourceTree = "<group>"; };
		FAF8755627F7175300040725 /* Assets.xcassets */ = {isa = PBXFileReference; lastKnownFileType = folder.assetcatalog; path = Assets.xcassets; sourceTree = "<group>"; };
		FAF8755927F7175300040725 /* Preview Assets.xcassets */ = {isa = PBXFileReference; lastKnownFileType = folder.assetcatalog; path = "Preview Assets.xcassets"; sourceTree = "<group>"; };
/* End PBXFileReference section */

/* Begin PBXFrameworksBuildPhase section */
		FAF8754C27F7174F00040725 /* Frameworks */ = {
			isa = PBXFrameworksBuildPhase;
			buildActionMask = 2147483647;
			files = (
			);
			runOnlyForDeploymentPostprocessing = 0;
		};
/* End PBXFrameworksBuildPhase section */

/* Begin PBXGroup section */
		FA5DD1A927F9896E00ADF35E /* Entities */ = {
			isa = PBXGroup;
			children = (
				FAB1251A27FDC066003E05D4 /* Asset.swift */,
				FA5DD19F27F97E3F00ADF35E /* AssetMenu.swift */,
				FA5DD1A727F9896400ADF35E /* AssetBanner.swift */,
			);
			path = Entities;
			sourceTree = "<group>";
		};
		FA5DD1AC27F98E7400ADF35E /* AssetMenu */ = {
			isa = PBXGroup;
			children = (
				FA5DD1A127F9834C00ADF35E /* AssetMenuButtonStyle.swift */,
				FA5DD1A327F985E400ADF35E /* AssetMenuGridView.swift */,
			);
			path = AssetMenu;
			sourceTree = "<group>";
		};
		FAB1251727FDBE0F003E05D4 /* AssetBannerView */ = {
			isa = PBXGroup;
			children = (
				FA5DD1AA27F98E4A00ADF35E /* BannerCard.swift */,
				FA5DD1AD27F9904E00ADF35E /* PageViewController.swift */,
				FA5DD1AF27F995EA00ADF35E /* PageControl.swift */,
				FAB1251527FDBE01003E05D4 /* AssetBannerView.swift */,
			);
			path = AssetBannerView;
			sourceTree = "<group>";
		};
		FAB1252427FDCD3D003E05D4 /* AssetSummaryView */ = {
			isa = PBXGroup;
			children = (
				FAB1251C27FDC219003E05D4 /* AssetSummaryData.swift */,
				FAB1251E27FDC4C0003E05D4 /* AssetSectionHeaderView.swift */,
				FAB1252027FDCA89003E05D4 /* AssetSectionView.swift */,
				FAB1252227FDCC31003E05D4 /* AssetSummaryView.swift */,
				FAB1252527FDD027003E05D4 /* TabMenuView.swift */,
				FAB1252727FDD326003E05D4 /* AssetCardSectionView.swift */,
			);
			path = AssetSummaryView;
			sourceTree = "<group>";
		};
		FAF8754627F7174F00040725 = {
			isa = PBXGroup;
			children = (
				FAF8755127F7174F00040725 /* MyAssets */,
				FAF8755027F7174F00040725 /* Products */,
			);
			sourceTree = "<group>";
		};
		FAF8755027F7174F00040725 /* Products */ = {
			isa = PBXGroup;
			children = (
				FAF8754F27F7174F00040725 /* MyAssets.app */,
			);
			name = Products;
			sourceTree = "<group>";
		};
		FAF8755127F7174F00040725 /* MyAssets */ = {
			isa = PBXGroup;
			children = (
				FAF8755227F7174F00040725 /* MyAssetsApp.swift */,
				FAF8755427F7174F00040725 /* ContentView.swift */,
				FA5DD19D27F9762200ADF35E /* NavigationBarWithButton.swift */,
				FA5DD1A527F987A700ADF35E /* AssetView.swift */,
				FA5DD1A927F9896E00ADF35E /* Entities */,
				FA5DD1AC27F98E7400ADF35E /* AssetMenu */,
				FAB1251727FDBE0F003E05D4 /* AssetBannerView */,
				FAB1252427FDCD3D003E05D4 /* AssetSummaryView */,
				FAB1251827FDC047003E05D4 /* assets.json */,
				FAF8755627F7175300040725 /* Assets.xcassets */,
				FAF8755827F7175300040725 /* Preview Content */,
			);
			path = MyAssets;
			sourceTree = "<group>";
		};
		FAF8755827F7175300040725 /* Preview Content */ = {
			isa = PBXGroup;
			children = (
				FAF8755927F7175300040725 /* Preview Assets.xcassets */,
			);
			path = "Preview Content";
			sourceTree = "<group>";
		};
/* End PBXGroup section */

/* Begin PBXNativeTarget section */
		FAF8754E27F7174F00040725 /* MyAssets */ = {
			isa = PBXNativeTarget;
			buildConfigurationList = FAF8755D27F7175300040725 /* Build configuration list for PBXNativeTarget "MyAssets" */;
			buildPhases = (
				FAF8754B27F7174F00040725 /* Sources */,
				FAF8754C27F7174F00040725 /* Frameworks */,
				FAF8754D27F7174F00040725 /* Resources */,
			);
			buildRules = (
			);
			dependencies = (
			);
			name = MyAssets;
			productName = MyAssets;
			productReference = FAF8754F27F7174F00040725 /* MyAssets.app */;
			productType = "com.apple.product-type.application";
		};
/* End PBXNativeTarget section */

/* Begin PBXProject section */
		FAF8754727F7174F00040725 /* Project object */ = {
			isa = PBXProject;
			attributes = {
				BuildIndependentTargetsInParallel = 1;
				LastSwiftUpdateCheck = 1330;
				LastUpgradeCheck = 1330;
				TargetAttributes = {
					FAF8754E27F7174F00040725 = {
						CreatedOnToolsVersion = 13.3;
					};
				};
			};
			buildConfigurationList = FAF8754A27F7174F00040725 /* Build configuration list for PBXProject "MyAssets" */;
			compatibilityVersion = "Xcode 13.0";
			developmentRegion = en;
			hasScannedForEncodings = 0;
			knownRegions = (
				en,
				Base,
			);
			mainGroup = FAF8754627F7174F00040725;
			productRefGroup = FAF8755027F7174F00040725 /* Products */;
			projectDirPath = "";
			projectRoot = "";
			targets = (
				FAF8754E27F7174F00040725 /* MyAssets */,
			);
		};
/* End PBXProject section */

/* Begin PBXResourcesBuildPhase section */
		FAF8754D27F7174F00040725 /* Resources */ = {
			isa = PBXResourcesBuildPhase;
			buildActionMask = 2147483647;
			files = (
				FAB1251927FDC047003E05D4 /* assets.json in Resources */,
				FAF8755A27F7175300040725 /* Preview Assets.xcassets in Resources */,
				FAF8755727F7175300040725 /* Assets.xcassets in Resources */,
			);
			runOnlyForDeploymentPostprocessing = 0;
		};
/* End PBXResourcesBuildPhase section */

/* Begin PBXSourcesBuildPhase section */
		FAF8754B27F7174F00040725 /* Sources */ = {
			isa = PBXSourcesBuildPhase;
			buildActionMask = 2147483647;
			files = (
				FA5DD1A427F985E400ADF35E /* AssetMenuGridView.swift in Sources */,
				FAB1252127FDCA89003E05D4 /* AssetSectionView.swift in Sources */,
				FAB1251B27FDC066003E05D4 /* Asset.swift in Sources */,
				FA5DD1AE27F9904E00ADF35E /* PageViewController.swift in Sources */,
				FAB1251D27FDC219003E05D4 /* AssetSummaryData.swift in Sources */,
				FAB1251F27FDC4C0003E05D4 /* AssetSectionHeaderView.swift in Sources */,
				FAB1252327FDCC31003E05D4 /* AssetSummaryView.swift in Sources */,
				FA5DD19E27F9762200ADF35E /* NavigationBarWithButton.swift in Sources */,
				FA5DD1A827F9896400ADF35E /* AssetBanner.swift in Sources */,
				FA5DD1A627F987A700ADF35E /* AssetView.swift in Sources */,
				FAF8755527F7174F00040725 /* ContentView.swift in Sources */,
				FAF8755327F7174F00040725 /* MyAssetsApp.swift in Sources */,
				FA5DD1A027F97E3F00ADF35E /* AssetMenu.swift in Sources */,
				FAB1252627FDD027003E05D4 /* TabMenuView.swift in Sources */,
				FA5DD1B027F995EA00ADF35E /* PageControl.swift in Sources */,
				FAB1251627FDBE01003E05D4 /* AssetBannerView.swift in Sources */,
				FAB1252827FDD326003E05D4 /* AssetCardSectionView.swift in Sources */,
				FA5DD1AB27F98E4A00ADF35E /* BannerCard.swift in Sources */,
				FA5DD1A227F9834C00ADF35E /* AssetMenuButtonStyle.swift in Sources */,
			);
			runOnlyForDeploymentPostprocessing = 0;
		};
/* End PBXSourcesBuildPhase section */

/* Begin XCBuildConfiguration section */
		FAF8755B27F7175300040725 /* Debug */ = {
			isa = XCBuildConfiguration;
			buildSettings = {
				ALWAYS_SEARCH_USER_PATHS = NO;
				CLANG_ANALYZER_NONNULL = YES;
				CLANG_ANALYZER_NUMBER_OBJECT_CONVERSION = YES_AGGRESSIVE;
				CLANG_CXX_LANGUAGE_STANDARD = "gnu++17";
				CLANG_ENABLE_MODULES = YES;
				CLANG_ENABLE_OBJC_ARC = YES;
				CLANG_ENABLE_OBJC_WEAK = YES;
				CLANG_WARN_BLOCK_CAPTURE_AUTORELEASING = YES;
				CLANG_WARN_BOOL_CONVERSION = YES;
				CLANG_WARN_COMMA = YES;
				CLANG_WARN_CONSTANT_CONVERSION = YES;
				CLANG_WARN_DEPRECATED_OBJC_IMPLEMENTATIONS = YES;
				CLANG_WARN_DIRECT_OBJC_ISA_USAGE = YES_ERROR;
				CLANG_WARN_DOCUMENTATION_COMMENTS = YES;
				CLANG_WARN_EMPTY_BODY = YES;
				CLANG_WARN_ENUM_CONVERSION = YES;
				CLANG_WARN_INFINITE_RECURSION = YES;
				CLANG_WARN_INT_CONVERSION = YES;
				CLANG_WARN_NON_LITERAL_NULL_CONVERSION = YES;
				CLANG_WARN_OBJC_IMPLICIT_RETAIN_SELF = YES;
				CLANG_WARN_OBJC_LITERAL_CONVERSION = YES;
				CLANG_WARN_OBJC_ROOT_CLASS = YES_ERROR;
				CLANG_WARN_QUOTED_INCLUDE_IN_FRAMEWORK_HEADER = YES;
				CLANG_WARN_RANGE_LOOP_ANALYSIS = YES;
				CLANG_WARN_STRICT_PROTOTYPES = YES;
				CLANG_WARN_SUSPICIOUS_MOVE = YES;
				CLANG_WARN_UNGUARDED_AVAILABILITY = YES_AGGRESSIVE;
				CLANG_WARN_UNREACHABLE_CODE = YES;
				CLANG_WARN__DUPLICATE_METHOD_MATCH = YES;
				COPY_PHASE_STRIP = NO;
				DEBUG_INFORMATION_FORMAT = dwarf;
				ENABLE_STRICT_OBJC_MSGSEND = YES;
				ENABLE_TESTABILITY = YES;
				GCC_C_LANGUAGE_STANDARD = gnu11;
				GCC_DYNAMIC_NO_PIC = NO;
				GCC_NO_COMMON_BLOCKS = YES;
				GCC_OPTIMIZATION_LEVEL = 0;
				GCC_PREPROCESSOR_DEFINITIONS = (
					"DEBUG=1",
					"$(inherited)",
				);
				GCC_WARN_64_TO_32_BIT_CONVERSION = YES;
				GCC_WARN_ABOUT_RETURN_TYPE = YES_ERROR;
				GCC_WARN_UNDECLARED_SELECTOR = YES;
				GCC_WARN_UNINITIALIZED_AUTOS = YES_AGGRESSIVE;
				GCC_WARN_UNUSED_FUNCTION = YES;
				GCC_WARN_UNUSED_VARIABLE = YES;
				IPHONEOS_DEPLOYMENT_TARGET = 15.4;
				MTL_ENABLE_DEBUG_INFO = INCLUDE_SOURCE;
				MTL_FAST_MATH = YES;
				ONLY_ACTIVE_ARCH = YES;
				SDKROOT = iphoneos;
				SWIFT_ACTIVE_COMPILATION_CONDITIONS = DEBUG;
				SWIFT_OPTIMIZATION_LEVEL = "-Onone";
			};
			name = Debug;
		};
		FAF8755C27F7175300040725 /* Release */ = {
			isa = XCBuildConfiguration;
			buildSettings = {
				ALWAYS_SEARCH_USER_PATHS = NO;
				CLANG_ANALYZER_NONNULL = YES;
				CLANG_ANALYZER_NUMBER_OBJECT_CONVERSION = YES_AGGRESSIVE;
				CLANG_CXX_LANGUAGE_STANDARD = "gnu++17";
				CLANG_ENABLE_MODULES = YES;
				CLANG_ENABLE_OBJC_ARC = YES;
				CLANG_ENABLE_OBJC_WEAK = YES;
				CLANG_WARN_BLOCK_CAPTURE_AUTORELEASING = YES;
				CLANG_WARN_BOOL_CONVERSION = YES;
				CLANG_WARN_COMMA = YES;
				CLANG_WARN_CONSTANT_CONVERSION = YES;
				CLANG_WARN_DEPRECATED_OBJC_IMPLEMENTATIONS = YES;
				CLANG_WARN_DIRECT_OBJC_ISA_USAGE = YES_ERROR;
				CLANG_WARN_DOCUMENTATION_COMMENTS = YES;
				CLANG_WARN_EMPTY_BODY = YES;
				CLANG_WARN_ENUM_CONVERSION = YES;
				CLANG_WARN_INFINITE_RECURSION = YES;
				CLANG_WARN_INT_CONVERSION = YES;
				CLANG_WARN_NON_LITERAL_NULL_CONVERSION = YES;
				CLANG_WARN_OBJC_IMPLICIT_RETAIN_SELF = YES;
				CLANG_WARN_OBJC_LITERAL_CONVERSION = YES;
				CLANG_WARN_OBJC_ROOT_CLASS = YES_ERROR;
				CLANG_WARN_QUOTED_INCLUDE_IN_FRAMEWORK_HEADER = YES;
				CLANG_WARN_RANGE_LOOP_ANALYSIS = YES;
				CLANG_WARN_STRICT_PROTOTYPES = YES;
				CLANG_WARN_SUSPICIOUS_MOVE = YES;
				CLANG_WARN_UNGUARDED_AVAILABILITY = YES_AGGRESSIVE;
				CLANG_WARN_UNREACHABLE_CODE = YES;
				CLANG_WARN__DUPLICATE_METHOD_MATCH = YES;
				COPY_PHASE_STRIP = NO;
				DEBUG_INFORMATION_FORMAT = "dwarf-with-dsym";
				ENABLE_NS_ASSERTIONS = NO;
				ENABLE_STRICT_OBJC_MSGSEND = YES;
				GCC_C_LANGUAGE_STANDARD = gnu11;
				GCC_NO_COMMON_BLOCKS = YES;
				GCC_WARN_64_TO_32_BIT_CONVERSION = YES;
				GCC_WARN_ABOUT_RETURN_TYPE = YES_ERROR;
				GCC_WARN_UNDECLARED_SELECTOR = YES;
				GCC_WARN_UNINITIALIZED_AUTOS = YES_AGGRESSIVE;
				GCC_WARN_UNUSED_FUNCTION = YES;
				GCC_WARN_UNUSED_VARIABLE = YES;
				IPHONEOS_DEPLOYMENT_TARGET = 15.4;
				MTL_ENABLE_DEBUG_INFO = NO;
				MTL_FAST_MATH = YES;
				SDKROOT = iphoneos;
				SWIFT_COMPILATION_MODE = wholemodule;
				SWIFT_OPTIMIZATION_LEVEL = "-O";
				VALIDATE_PRODUCT = YES;
			};
			name = Release;
		};
		FAF8755E27F7175300040725 /* Debug */ = {
			isa = XCBuildConfiguration;
			buildSettings = {
				ASSETCATALOG_COMPILER_APPICON_NAME = AppIcon;
				ASSETCATALOG_COMPILER_GLOBAL_ACCENT_COLOR_NAME = AccentColor;
				CODE_SIGN_STYLE = Automatic;
				CURRENT_PROJECT_VERSION = 1;
				DEVELOPMENT_ASSET_PATHS = "\"MyAssets/Preview Content\"";
				DEVELOPMENT_TEAM = 8225XP68WL;
				ENABLE_PREVIEWS = YES;
				GENERATE_INFOPLIST_FILE = YES;
				INFOPLIST_KEY_UIApplicationSceneManifest_Generation = YES;
				INFOPLIST_KEY_UIApplicationSupportsIndirectInputEvents = YES;
				INFOPLIST_KEY_UILaunchScreen_Generation = YES;
				INFOPLIST_KEY_UISupportedInterfaceOrientations_iPad = "UIInterfaceOrientationPortrait UIInterfaceOrientationPortraitUpsideDown UIInterfaceOrientationLandscapeLeft UIInterfaceOrientationLandscapeRight";
				INFOPLIST_KEY_UISupportedInterfaceOrientations_iPhone = "UIInterfaceOrientationPortrait UIInterfaceOrientationLandscapeLeft UIInterfaceOrientationLandscapeRight";
				LD_RUNPATH_SEARCH_PATHS = (
					"$(inherited)",
					"@executable_path/Frameworks",
				);
				MARKETING_VERSION = 1.0;
				PRODUCT_BUNDLE_IDENTIFIER = net.macnpc.MyAssets;
				PRODUCT_NAME = "$(TARGET_NAME)";
				SWIFT_EMIT_LOC_STRINGS = YES;
				SWIFT_VERSION = 5.0;
				TARGETED_DEVICE_FAMILY = "1,2";
			};
			name = Debug;
		};
		FAF8755F27F7175300040725 /* Release */ = {
			isa = XCBuildConfiguration;
			buildSettings = {
				ASSETCATALOG_COMPILER_APPICON_NAME = AppIcon;
				ASSETCATALOG_COMPILER_GLOBAL_ACCENT_COLOR_NAME = AccentColor;
				CODE_SIGN_STYLE = Automatic;
				CURRENT_PROJECT_VERSION = 1;
				DEVELOPMENT_ASSET_PATHS = "\"MyAssets/Preview Content\"";
				DEVELOPMENT_TEAM = 8225XP68WL;
				ENABLE_PREVIEWS = YES;
				GENERATE_INFOPLIST_FILE = YES;
				INFOPLIST_KEY_UIApplicationSceneManifest_Generation = YES;
				INFOPLIST_KEY_UIApplicationSupportsIndirectInputEvents = YES;
				INFOPLIST_KEY_UILaunchScreen_Generation = YES;
				INFOPLIST_KEY_UISupportedInterfaceOrientations_iPad = "UIInterfaceOrientationPortrait UIInterfaceOrientationPortraitUpsideDown UIInterfaceOrientationLandscapeLeft UIInterfaceOrientationLandscapeRight";
				INFOPLIST_KEY_UISupportedInterfaceOrientations_iPhone = "UIInterfaceOrientationPortrait UIInterfaceOrientationLandscapeLeft UIInterfaceOrientationLandscapeRight";
				LD_RUNPATH_SEARCH_PATHS = (
					"$(inherited)",
					"@executable_path/Frameworks",
				);
				MARKETING_VERSION = 1.0;
				PRODUCT_BUNDLE_IDENTIFIER = net.macnpc.MyAssets;
				PRODUCT_NAME = "$(TARGET_NAME)";
				SWIFT_EMIT_LOC_STRINGS = YES;
				SWIFT_VERSION = 5.0;
				TARGETED_DEVICE_FAMILY = "1,2";
			};
			name = Release;
		};
/* End XCBuildConfiguration section */

/* Begin XCConfigurationList section */
		FAF8754A27F7174F00040725 /* Build configuration list for PBXProject "MyAssets" */ = {
			isa = XCConfigurationList;
			buildConfigurations = (
				FAF8755B27F7175300040725 /* Debug */,
				FAF8755C27F7175300040725 /* Release */,
			);
			defaultConfigurationIsVisible = 0;
			defaultConfigurationName = Release;
		};
		FAF8755D27F7175300040725 /* Build configuration list for PBXNativeTarget "MyAssets" */ = {
			isa = XCConfigurationList;
			buildConfigurations = (
				FAF8755E27F7175300040725 /* Debug */,
				FAF8755F27F7175300040725 /* Release */,
			);
			defaultConfigurationIsVisible = 0;
			defaultConfigurationName = Release;
		};
/* End XCConfigurationList section */
	};
	rootObject = FAF8754727F7174F00040725 /* Project object */;
}
